github.com/agl/ed25519 v0.0.0-20170116200512-5312a6153412 h1:w1UutsfOrms1J05zt7ISrnJIXKzwaspym5BTKGx93EI=
github.com/agl/ed25519 v0.0.0-20170116200512-5312a6153412/go.mod h1:WPjqKcmVOxf0XSf3YxCJs6N6AOSrOx3obionmG7T0y0=
github.com/armon/consul-api v0.0.0-20180202201655-eb2c6b5be1b6/go.mod h1:grANhF5doyWs3UAsr3K4I6qtAmlQcZDesFNEHPZAzj8=
github.com/btcsuite/btcd v0.0.0-20180531025944-86fed781132a h1:fuEu3WaOzatbWFGlCa2e/TL/GR397Da8QSKNKrDRa3s=
github.com/btcsuite/btcd v0.0.0-20180531025944-86fed781132a/go.mod h1:Dmm/EzmjnCiweXmzRIAiUWCInVmPgjkzgv5k4tVyXiQ=
github.com/coreos/etcd v3.3.10+incompatible/go.mod h1:uF7uidLiAD3TWHmW31ZFd/JWoc32PjwdhPthX9715RE=
github.com/coreos/go-etcd v2.0.0+incompatible/go.mod h1:Jez6KQU2B/sWsbdaef3ED8NzMklzPG4d5KIOhIy30Tk=
github.com/coreos/go-semver v0.0.0-20180108230905-e214231b295a h1:WqY2Kv7eI1jeoU3pC05YYK/kK4tdXyLzzaBzCR51r9M=
github.com/coreos/go-semver v0.0.0-20180108230905-e214231b295a/go.mod h1:nnelYz7RCh+5ahJtPPxZlU+153eP4D4r3EedlOD2RNk=
github.com/coreos/go-semver v0.2.0 h1:3Jm3tLmsgAYcjC+4Up7hJrFBPr+n7rAqYeSw/SZazuY=
github.com/coreos/go-semver v0.2.0/go.mod h1:nnelYz7RCh+5ahJtPPxZlU+153eP4D4r3EedlOD2RNk=
github.com/davecgh/go-spew v1.1.1 h1:vj9j/u1bqnvCEfJOwUhtlOARqs3+rkHYY13jYWTU97c=
github.com/davecgh/go-spew v1.1.1/go.mod h1:J7Y8YcW2NihsgmVo/mv3lAwl/skON4iLHjSsI+c5H38=
github.com/fd/go-nat v1.0.0 h1:DPyQ97sxA9ThrWYRPcWUz/z9TnpTIGRYODIQc/dy64M=
github.com/fd/go-nat v1.0.0/go.mod h1:BTBu/CKvMmOMUPkKVef1pngt2WFH/lg7E6yQnulfp6E=
github.com/fsnotify/fsnotify v1.4.7 h1:IXs+QLmnXW2CcXuY+8Mzv/fWEsPGWxqefPtCP5CnV9I=
github.com/fsnotify/fsnotify v1.4.7/go.mod h1:jwhsz4b93w/PPRr/qN1Yymfu8t87LnFCMoQvtojpjFo=
github.com/gogo/protobuf v0.0.0-20180509162441-30cf7ac33676 h1:sWRRbFwmt+HjaUAHN7jP0WDj7nm7No49h7IY030oQ10=
github.com/gogo/protobuf v0.0.0-20180509162441-30cf7ac33676/go.mod h1:r8qH/GZQm5c6nD/R0oafs1akxWv10x8SbQlK7atdtwQ=
github.com/golang/protobuf v1.2.0 h1:P3YflyNX/ehuJFLhxviNdFxQPkGK5cDcApsge1SqnvM=
github.com/golang/protobuf v1.2.0/go.mod h1:6lQm79b+lXiMfvg/cZm0SGofjICqVBUtrP5yJMmIC1U=
github.com/gorilla/websocket v0.0.0-20180605202552-5ed622c449da h1:b5fma7aUP2fn6+tdKKCJ0TxXYzY/5wDiqUxNdyi5VF4=
github.com/gorilla/websocket v0.0.0-20180605202552-5ed622c449da/go.mod h1:E7qHFY5m1UJ88s3WnNqhKjPHQ0heANvMoAMk2YaljkQ=
github.com/gxed/GoEndian v0.0.0-20160916112711-0f5c6873267e h1:eIhARPSF2zPr1hKxiL81XWQ392f5stEEcs38UzZVSWo=
github.com/gxed/GoEndian v0.0.0-20160916112711-0f5c6873267e/go.mod h1:vckkIQ0K+GGne8aC4LseYg586YwBQhOxXMXGAmKsCdY=
github.com/gxed/eventfd v0.0.0-20160916113412-80a92cca79a8 h1:N97hyGE4Q7bfXLQHvCtVvhLA9ofDkh5nzFcaB+1kLic=
github.com/gxed/eventfd v0.0.0-20160916113412-80a92cca79a8/go.mod h1:UNZeDpt9TUOMKVo89Fm0D2Ql3htmIN8BzxIcQcmogzs=
github.com/gxed/hashland v0.0.0-20180221191214-d9f6b97f8db2 h1:neM/RzmgBKxsJ3ioEZnIQmgQQq/sn6xDqYOEYnH3RYM=
github.com/gxed/hashland v0.0.0-20180221191214-d9f6b97f8db2/go.mod h1:YUhWml1NaWLTNBl4NPptkB8MadfaIhgq+a2TRc+Mw4Q=
github.com/hashicorp/hcl v1.0.0 h1:0Anlzjpi4vEasTeNFn2mLJgTSwt0+6sfsiTG8qcWGx4=
github.com/hashicorp/hcl v1.0.0/go.mod h1:E5yfLk+7swimpb2L/Alb/PJmXilQ/rhwaUYs4T20WEQ=
github.com/hpcloud/tail v1.0.0 h1:nfCOvKYfkgYP8hkirhJocXT2+zOD8yUNjXaWfTlyFKI=
github.com/hpcloud/tail v1.0.0/go.mod h1:ab1qPbhIpdTxEkNHXyeSf5vhxWSCs/tWer42PpOxQnU=
github.com/huin/goupnp v0.0.0-20180415215157-1395d1447324 h1:PV190X5/DzQ/tbFFG5YpT5mH6q+cHlfgqI5JuRnH9oE=
github.com/huin/goupnp v0.0.0-20180415215157-1395d1447324/go.mod h1:MZ2ZmwcBpvOoJ22IJsc7va19ZwoheaBk43rKg12SKag=
github.com/ipfs/go-log v1.5.3 h1:sZHI8SmguogIAJ10boCjbzumn1hloQF0YM1c0nypQFA=
github.com/ipfs/go-log v1.5.3/go.mod h1:AKYS9u+ECLT8t30brTaoVwu3f1FpGx6C0352oI1zQ0Q=
github.com/jackpal/gateway v1.0.4/go.mod h1:lTpwd4ACLXmpyiCTRtfiNyVnUmqT9RivzCDQetPfnjA=
github.com/jackpal/gateway v1.0.5 h1:qzXWUJfuMdlLMtt0a3Dgt+xkWQiA5itDEITVJtuSwMc=
github.com/jackpal/gateway v1.0.5/go.mod h1:lTpwd4ACLXmpyiCTRtfiNyVnUmqT9RivzCDQetPfnjA=
github.com/jackpal/go-nat-pmp v1.0.1 h1:i0LektDkO1QlrTm/cSuP+PyBCDnYvjPLGl4LdWEMiaA=
github.com/jackpal/go-nat-pmp v1.0.1/go.mod h1:QPH045xvCAeXUZOxsnwmrtiCoxIr9eob+4orBN1SBKc=
github.com/jbenet/go-cienv v0.0.0-20150120210510-1bb1476777ec h1:DQqZhhDvrTrEQ3Qod5yfavcA064e53xlQ+xajiorXgM=
github.com/jbenet/go-cienv v0.0.0-20150120210510-1bb1476777ec/go.mod h1:rGaEvXB4uRSZMmzKNLoXvTu1sfx+1kv/DojUlPrSZGs=
github.com/jbenet/go-randbuf v0.0.0-20160322125720-674640a50e6a h1:MUZ5SN21sddytgKf4tb6rKkzO9uMLlZxIV5IpW/ZgRY=
github.com/jbenet/go-randbuf v0.0.0-20160322125720-674640a50e6a/go.mod h1:z659Yhk+3iK3C42MGnioXmP9y8uly7LuJaoDGyQyJp4=
github.com/jbenet/go-temp-err-catcher v0.0.0-20150120210811-aac704a3f4f2 h1:vhC1OXXiT9R2pczegwz6moDvuRpggaroAXhPIseh57A=
github.com/jbenet/go-temp-err-catcher v0.0.0-20150120210811-aac704a3f4f2/go.mod h1:8GXXJV31xl8whumTzdZsTt3RnUIiPqzkyf7mxToRCMs=
github.com/jbenet/goprocess v0.0.0-20160826012719-b497e2f366b8 h1:bspPhN+oKYFk5fcGNuQzp6IGzYQSenLEgH3s6jkXrWw=
github.com/jbenet/goprocess v0.0.0-20160826012719-b497e2f366b8/go.mod h1:Ly/wlsjFq/qrU3Rar62tu1gASgGw6chQbSh/XgIIXCY=
github.com/kr/pretty v0.1.0 h1:L/CwN0zerZDmRFUapSPitk6f+Q3+0za1rQkzVuMiMFI=
github.com/kr/pretty v0.1.0/go.mod h1:dAy3ld7l9f0ibDNOQOHHMYYIIbhfbHSm3C4ZsoJORNo=
github.com/kr/pty v1.1.1/go.mod h1:pFQYn66WHrOpPYNljwOMqo10TkYh1fy3cYio2l3bCsQ=
github.com/kr/text v0.1.0 h1:45sCR5RtlFHMR4UwH9sdQ5TC8v0qDQCHnXt+kaKSTVE=
github.com/kr/text v0.1.0/go.mod h1:4Jbv+DJW3UT/LiOwJeYQe1efqtUx/iVham/4vfdArNI=
github.com/libp2p/go-addr-util v2.0.2+incompatible h1:DERCuqCsZ5B/A/d3ujBBkGNoXVJSHNq6lg5VszB+YEM=
github.com/libp2p/go-addr-util v2.0.2+incompatible/go.mod h1:doh2auL/Rkfq1xHxDrWJGHZ8yDojPerOZoPu9XVwRB8=
github.com/libp2p/go-conn-security v0.1.3 h1:TXVgVwZ6k95ugu6z+73Jq2JRiIT4DLqbvPCG3D0z6Z0=
github.com/libp2p/go-conn-security v0.1.3/go.mod h1:lIqm8x2wrAxlG+6CzJ3z4Nk5/F73zdjkS6RKbHSbaJ4=
github.com/libp2p/go-conn-security-multistream v0.0.0-20180609052955-88cc698d9588 h1:IvXSrqaNrQB5PGxC5hesCzFgISTb09ZCxQymHk3K3PU=
github.com/libp2p/go-conn-security-multistream v0.0.0-20180609052955-88cc698d9588/go.mod h1:hBY3HYjGnK86P3pX3wgr9IAfe3A/vZB830LJAMi1g88=
github.com/libp2p/go-flow-metrics v0.0.0-20171227170445-3b3bcfcf78f2 h1:RZ48E7cNwhQ5jAVDuTWGJsTJW+AJbzxliGZczSQu5og=
github.com/libp2p/go-flow-metrics v0.0.0-20171227170445-3b3bcfcf78f2/go.mod h1:Iv1GH0sG8DtYN3SVJ2eG221wMiNpZxBdp967ls1g+k8=
github.com/libp2p/go-libp2p v0.0.0-20180615230939-7c22c117597e h1:ZL9rMRIEFM+aDrLadPDKxdeP7W3N/ElbOgfT5MUfTlk=
github.com/libp2p/go-libp2p v0.0.0-20180615230939-7c22c117597e/go.mod h1:CyUlFa6Mw04PkmMg8gBIlHUl8j3TrEiA6oFiF4SgD8w=
github.com/libp2p/go-libp2p-blankhost v0.3.15 h1:hI8d0Piq1gkeDAYf1SVafUyaKny6e9MOrEIWnGQiOCE=
github.com/libp2p/go-libp2p-blankhost v0.3.15/go.mod h1:v1Lnlzn2DFfVeAk2O19BnVm/OaoRlFZwSyq015ZT11I=
github.com/libp2p/go-libp2p-circuit v2.1.2+incompatible h1:cclQO/b1h3OsYd2lUQXZXL4p/mlXN6bA4BSPSFXGmU8=
github.com/libp2p/go-libp2p-circuit v2.1.2+incompatible/go.mod h1:DH3RV0Tb4cHZAdSsdNOitADXTqRiFZxJmSk7mMcCFN4=
github.com/libp2p/go-libp2p-crypto v0.0.0-20180318234659-18915b5467c7 h1:oxQx7O7mz+iU+NE4loWkT8u36BfiElsQisN+0EYMGw0=
github.com/libp2p/go-libp2p-crypto v0.0.0-20180318234659-18915b5467c7/go.mod h1:WHpT3tvhh7GM2INNJhQBuI6J+5z/o3QI0lTF5UVjppk=
github.com/libp2p/go-libp2p-host v3.0.2+incompatible h1:+icjT5JABEC5zwTD57lkbFqUUwS6h0EHVvGebGefU2A=
github.com/libp2p/go-libp2p-host v3.0.2+incompatible/go.mod h1:iAthoepYpyqzb89f4RmqzF9+ebsWPFBTvSedSlcWupg=
github.com/libp2p/go-libp2p-interface-connmgr v0.0.0-20180612150604-557c373b457e h1:4EA40cGNRA41Q1+GKK9GjSQgc42vBTa020WuwoMbxwQ=
github.com/libp2p/go-libp2p-interface-connmgr v0.0.0-20180612150604-557c373b457e/go.mod h1:2LbTwxMveREcmkOWo/s6MM7xDvSZbW8J8kYDF4Mj648=
github.com/libp2p/go-libp2p-interface-pnet v0.0.0-20180606072403-86e6fc84b906 h1:LIwYTTDr8OWFENameGHZe+QFejPP/I6YZ21cEjWk9Ps=
github.com/libp2p/go-libp2p-interface-pnet v0.0.0-20180606072403-86e6fc84b906/go.mod h1:el9jHpQAXK5dnTpKA4yfCNBZXvrzdOU75zz+C6ryp3k=
github.com/libp2p/go-libp2p-loggables v1.1.16 h1:gjHcLYm4KCjFv/19zAV7JGiURqAG8fTHZloEY0S1oWY=
github.com/libp2p/go-libp2p-loggables v1.1.16/go.mod h1:jcP5HmpEBcQ2w5u9xhLkCv73GBPKz3weC/s6ZWhXn+k=
github.com/libp2p/go-libp2p-metrics v2.1.2+incompatible h1:RHGLZL0IFTaLlSkfwVANiqXq9Mf49i6GhRnJCN7w6KA=
github.com/libp2p/go-libp2p-metrics v2.1.2+incompatible/go.mod h1:ko4lRyuvbgwwxD2TJvt2RHONahjJlkn6l7L/iEbJBf0=
github.com/libp2p/go-libp2p-nat v0.0.0-20180612150621-7f78ce78aee2 h1:wHatCJvvaG26i93VgWLdxWPUtOla5Qm3jdox1/q1yGQ=
github.com/libp2p/go-libp2p-nat v0.0.0-20180612150621-7f78ce78aee2/go.mod h1:cA6+rN+EcOAzmSL3vQ53VxX/FfOL1WGeJUvZgqjm2eQ=
github.com/libp2p/go-libp2p-net v0.0.0-20180619233300-ef6dc14c0bda h1:mn2MMzxQuCch9MF+xoNQMUEKibp9ZntMwUZGmmLBqh8=
github.com/libp2p/go-libp2p-net v0.0.0-20180619233300-ef6dc14c0bda/go.mod h1:8W6Wx3AZbTRTe8zSMLoAmT3mGyau+w6kGIRk+Z+MZ7Q=
github.com/libp2p/go-libp2p-peer v2.3.4+incompatible h1:YgsaA3a5nL0NANtXzhIpQSbyFXmVuxbYMgXl9TcG/uA=
github.com/libp2p/go-libp2p-peer v2.3.4+incompatible/go.mod h1:fS2eFKRO1IomwBAf+SuE8P1XOT/AAiqSgVPNIFA7Jc0=
github.com/libp2p/go-libp2p-peerstore v1.4.20 h1:Bst2INmF0mLP8kvi+/iLXhvwVGJPz60YWaql7fycfec=
github.com/libp2p/go-libp2p-peerstore v1.4.20/go.mod h1:lLfgn0N3z2t+ER57a88K7NTZjMO27ez5TyWSURd428E=
github.com/libp2p/go-libp2p-protocol v0.0.0-20171212212132-b29f3d97e3a2 h1:ftsFA3rhuSWX7hNR1CalvmnCKhmncZG7Nyd79Ll6lh0=
github.com/libp2p/go-libp2p-protocol v0.0.0-20171212212132-b29f3d97e3a2/go.mod h1:Af9n4PiruirSDjHycM1QuiMi/1VZNHYcK8cLgFJLZ4s=
github.com/libp2p/go-libp2p-secio v2.0.2+incompatible h1:BQShS5PXGruOU3mzmFvcxTVfYsJENQVkWDc7P2DFzQA=
github.com/libp2p/go-libp2p-secio v2.0.2+incompatible/go.mod h1:U7wBlYK2sZbUiTaGe6xJd/fyNq40gwn+jBk/iEUbUrA=
github.com/libp2p/go-libp2p-swarm v0.0.0-20180617153738-f144edfca052 h1:7orh0dP8I8XbC/hZsLkKYEDPa530ORGJLtqgsWFdTOI=
github.com/libp2p/go-libp2p-swarm v0.0.0-20180617153738-f144edfca052/go.mod h1:NHa7cA4/y8OKFw3BHQjLL9pwPDFXkgECO/k+2gqSFuk=
github.com/libp2p/go-libp2p-transport v0.0.0-20180615165629-f942b8aa7047 h1:sl1Xz2buWJ2LnPCgeTJqKheNs8lMdAfGRSe1c0Um7W8=
github.com/libp2p/go-libp2p-transport v0.0.0-20180615165629-f942b8aa7047/go.mod h1:lcwgOszllbhvQXul37Kv5YbSYXPoUhRB2Z+Nr3jaBmo=
github.com/libp2p/go-libp2p-transport-upgrader v0.1.2 h1:9118taZtM30nsNokIjOP1wFC4C53K+S+kUPihtC8KDQ=
github.com/libp2p/go-libp2p-transport-upgrader v0.1.2/go.mod h1:5r+arPlxwtCEF1aVi/fTQF/ZWGSPHLxBov1DlXDevDA=
github.com/libp2p/go-maddr-filter v1.1.8 h1:gb6cp1dfdyJgp9ib0tszxudvJlopnliOQgjKX1VfWmY=
github.com/libp2p/go-maddr-filter v1.1.8/go.mod h1:9uHkmfw086BVLQyQFAbe/peEO9Iley6dafqm3cKHIAk=
github.com/libp2p/go-msgio v0.0.0-20171211220509-d82125c9907e h1:O8GIWskP6bLvJUqwLlkXrjNG3oG2VDHNfEQ8JAf6Nzc=
github.com/libp2p/go-msgio v0.0.0-20171211220509-d82125c9907e/go.mod h1:u5M7EDois/gQxdPuEfNYQks5cAu9oxUGDU3dRkGping=
github.com/libp2p/go-reuseport v0.1.15 h1:TC/ldwV7iE+G8CxgUDx04aPI/Dw+Oic86tvynovJnns=
github.com/libp2p/go-reuseport v0.1.15/go.mod h1:UeLFiw50cCfyDHBpU0sXBR8ul1MO/m51mXpRO/SYjCE=
github.com/libp2p/go-reuseport-transport v0.1.6 h1:D8VOJWlxG8pGx0Sbs6jmwwI512XZPrmAfKxJ7enGZ+s=
github.com/libp2p/go-reuseport-transport v0.1.6/go.mod h1:twFBnjvBekr78LhW4UaBX26BfN5+0EcO7Y4KwZqDlls=
github.com/libp2p/go-sockaddr v0.0.0-20180608231201-3c898fbfff40 h1:GIiNcRefJUDBYxV8h36MGpmPNIzEWr/E8wWYZyXgFlc=
github.com/libp2p/go-sockaddr v0.0.0-20180608231201-3c898fbfff40/go.mod h1:N/q858DTOi0BT81GpvIRIls1x7my5oLpbxYZnbRXVBM=
github.com/libp2p/go-stream-muxer v0.0.0-20180611193351-9c6bd93eecbb h1:SsV/J55YO9zpjXPLRw9kuSVUlubSFkMaHzfyfPmwTFc=
github.com/libp2p/go-stream-muxer v0.0.0-20180611193351-9c6bd93eecbb/go.mod h1:bAo8x7YkSpadMTbtTaxGVHWUQsR/l5MEaHbKaliuT14=
github.com/libp2p/go-tcp-transport v0.0.0-20180613010502-d2b392af160d h1:fI0pjdSp0550JiGWXLIq8BPFJO1ni/XxPgJngmryXz4=
github.com/libp2p/go-tcp-transport v0.0.0-20180613010502-d2b392af160d/go.mod h1:K6Zi9TkPvn5m/m0bktlJ6Fv9Vna2wvr/jiCtTRC7T8o=
github.com/libp2p/go-testutil v1.2.10 h1:WvC9YIFDdUcnkY7Z82iACQHE+iJyGqxSPyvgpxIk82U=
github.com/libp2p/go-testutil v1.2.10/go.mod h1:8FHCRBHdt9BibhKebrOqVTJyW4cOZc52bfrGmw7ja+4=
github.com/libp2p/go-ws-transport v0.0.0-20180612150638-cff8bfc18ac9 h1:R80qfSpU/TaaBBhaqPTElbWHUIh9igkB3ADrbKuXxzs=
github.com/libp2p/go-ws-transport v0.0.0-20180612150638-cff8bfc18ac9/go.mod h1:qx7Dcw4onTaVNI3iG6q3XOKwNQWnXYhNEHYmhgQmKKk=
github.com/magiconair/properties v1.8.0 h1:LLgXmsheXeRoUOBOjtwPQCWIYqM/LU1ayDtDePerRcY=
github.com/magiconair/properties v1.8.0/go.mod h1:PppfXfuXeibc/6YijjN8zIbojt8czPbwD3XqdrwzmxQ=
github.com/mattn/go-colorable v0.0.0-20180310133214-efa589957cd0 h1:cDvUG90i1ssGJGqMNx2Ubbn+bx7VOzjdvQ45zpy0X4w=
github.com/mattn/go-colorable v0.0.0-20180310133214-efa589957cd0/go.mod h1:9vuHe8Xs5qXnSaW/c/ABM9alt+Vo+STaOChaDxuIBZU=
github.com/mattn/go-isatty v0.0.4 h1:bnP0vzxcAdeI1zdubAl5PjU6zsERjGZb7raWodagDYs=
github.com/mattn/go-isatty v0.0.4/go.mod h1:M+lRXTBqGeGNdLjl/ufCoiOlB5xdOkqRJdNxMWT7Zi4=
github.com/minio/blake2b-simd v0.0.0-20160723061019-3f5f724cb5b1 h1:lYpkrQH5ajf0OXOcUbGjvZxxijuBwbbmlSxLiuofa+g=
github.com/minio/blake2b-simd v0.0.0-20160723061019-3f5f724cb5b1/go.mod h1:pD8RvIylQ358TN4wwqatJ8rNavkEINozVn9DtGI3dfQ=
github.com/minio/sha256-simd v0.0.0-20171213220625-ad98a36ba0da h1:tazA5y1hWYJO8VSYbU36yBhXeIvruLXMUKu6WBtcJck=
github.com/minio/sha256-simd v0.0.0-20171213220625-ad98a36ba0da/go.mod h1:2FMWW+8GMoPweT6+pI63m9YE3Lmw4J71hV56Chs1E/U=
github.com/mitchellh/go-homedir v1.1.0 h1:lukF9ziXFxDFPkA1vsr5zpc1XuPDn/wFntq5mG+4E0Y=
github.com/mitchellh/go-homedir v1.1.0/go.mod h1:SfyaCUpYCn1Vlf4IUYiD9fPX4A5wJrkLzIz1N1q0pr0=
github.com/mitchellh/mapstructure v1.1.2 h1:fmNYVwqnSfB9mZU6OS2O6GsXM+wcskZDuKQzvN1EDeE=
github.com/mitchellh/mapstructure v1.1.2/go.mod h1:FVVH3fgwuzCH5S8UJGiWEs2h04kUh9fWfEaFds41c1Y=
github.com/mr-tron/base58 v0.0.0-20180621141132-4df4dc6e86a9 h1:loYpqLgXMHEe55xcRQxXhciXtHw19jAzI4HUypYpspo=
github.com/mr-tron/base58 v0.0.0-20180621141132-4df4dc6e86a9/go.mod h1:xcD2VGqlgYjBdcBLw+TuYLr8afG+Hj8g2eTVqeSzSU8=
github.com/multiformats/go-multiaddr v0.0.0-20180622215516-96804982667e h1:cN82czP2WNUhLoFm8ppOcxT3aMiGS9Wk2SdpO5cx9Cc=
github.com/multiformats/go-multiaddr v0.0.0-20180622215516-96804982667e/go.mod h1:1JAWc2R8uiQTLrCHI/lmOkXYu5B8025fQbZjq8//YgY=
github.com/multiformats/go-multiaddr-dns v0.0.0-20180623005149-78f39e8892d4 h1:l8tco2wtDl7W7cKI5p4d9JfpdSTk2aIEWqFbOYqaQ5M=
github.com/multiformats/go-multiaddr-dns v0.0.0-20180623005149-78f39e8892d4/go.mod h1:IGZKFM4G96cYgdMcUmHx5gtJxiHmvZLTQ9rdWXMKJyo=
github.com/multiformats/go-multiaddr-net v1.6.2 h1:RkwrD+T2FTg3E3RnaLt8IRIdtwfvda8GphWxdIb8Gos=
github.com/multiformats/go-multiaddr-net v1.6.2/go.mod h1:AO4WqKzxLt+paJ0N0kufj6teQ2R6fZbnItDvGTwilmk=
github.com/multiformats/go-multihash v1.0.8 h1:pyowaBSivNxBr137ZjYkr0q4o41MKSJVPKuO7F7AAfY=
github.com/multiformats/go-multihash v1.0.8/go.mod h1:sT17phG+xVgnrZc8ht/ZoCIV0sKRwvmZkXk46UfSxM4=
github.com/multiformats/go-multistream v0.0.0-20180529094611-aea59cd120a7 h1:rEJgvUGG1wwdYJ9geOKIMoMrsp/le7FFz9XOgYLTHao=
github.com/multiformats/go-multistream v0.0.0-20180529094611-aea59cd120a7/go.mod h1:fJTiDfXJVmItycydCnNx4+wSzZ5NwG2FEVAI30fiovg=
github.com/onsi/ginkgo v1.6.0/go.mod h1:lLunBs/Ym6LB5Z9jYTR76FiuTmxDTDusOGeTQH+WWjE=
github.com/onsi/ginkgo v1.7.0 h1:WSHQ+IS43OoUrWtD1/bbclrwK8TTH5hzp+umCiuxHgs=
github.com/onsi/ginkgo v1.7.0/go.mod h1:lLunBs/Ym6LB5Z9jYTR76FiuTmxDTDusOGeTQH+WWjE=
github.com/onsi/gomega v1.4.3 h1:RE1xgDvH7imwFD45h+u2SgIfERHlS2yNG4DObb5BSKU=
github.com/onsi/gomega v1.4.3/go.mod h1:ex+gbHU/CVuBBDIJjb2X0qEXbFg53c61hWP/1CpauHY=
github.com/opentracing/opentracing-go v0.0.0-20180606204148-bd9c31933947 h1:QfUW13Itj7jGDmmRoBh3/ZKOxAQv4mhpN+m2Ed4EUJ4=
github.com/opentracing/opentracing-go v0.0.0-20180606204148-bd9c31933947/go.mod h1:UkNAQd3GIcIGf0SeVgPpRdFStlNbqXla1AfSYxPUl2o=
github.com/outbrain/golib v0.0.0-20160315180704-2418949ac30d h1:/EbjCKz5CyK1f9igkbDe7fuGv/H+sI48CXYWQyM79Z4=
github.com/outbrain/golib v0.0.0-20160315180704-2418949ac30d/go.mod h1:JDhu//MMvcPVPH889Xr7DyamEbTLumgDBALGUyXrz1g=
github.com/pelletier/go-toml v1.2.0 h1:T5zMGML61Wp+FlcbWjRDT7yAxhJNAiPPLOFECq181zc=
github.com/pelletier/go-toml v1.2.0/go.mod h1:5z9KED0ma1S8pY6P1sdut58dfprrGBbd/94hg7ilaic=
github.com/pmezard/go-difflib v1.0.0 h1:4DBwDE0NGyQoBHbLQYPwSUPoCMWR5BEzIk/f1lZbAQM=
github.com/pmezard/go-difflib v1.0.0/go.mod h1:iKH77koFhYxTK1pcRnkKkqfTogsbg7gZNVY4sRDYZ/4=
github.com/satori/go.uuid v0.0.0-20180103174451-36e9d2ebbde5 h1:tfcGHuraNSEY9xRb9ckCMqMD7xAjzrYI1WpD7DA+nz8=
github.com/satori/go.uuid v0.0.0-20180103174451-36e9d2ebbde5/go.mod h1:dA0hQrYB0VpLJoorglMZABFdXlWrHn1NEOzdhQKdks0=
github.com/spaolacci/murmur3 v0.0.0-20180118202830-f09979ecbc72 h1:qLC7fQah7D6K1B0ujays3HV9gkFtllcxhzImRR7ArPQ=
github.com/spaolacci/murmur3 v0.0.0-20180118202830-f09979ecbc72/go.mod h1:JwIasOWyU6f++ZhiEuf87xNszmSA2myDM2Kzu9HwQUA=
github.com/spf13/afero v1.1.2 h1:m8/z1t7/fwjysjQRYbP0RD+bUIF/8tJwPdEZsI83ACI=
github.com/spf13/afero v1.1.2/go.mod h1:j4pytiNVoe2o6bmDsKpLACNPDBIoEAkihy7loJ1B0CQ=
github.com/spf13/cast v1.3.0 h1:oget//CVOEoFewqQxwr0Ej5yjygnqGkvggSE/gB35Q8=
github.com/spf13/cast v1.3.0/go.mod h1:Qx5cxh0v+4UWYiBimWS+eyWzqEqokIECu5etghLkUJE=
github.com/spf13/cobra v0.0.3 h1:ZlrZ4XsMRm04Fr5pSFxBgfND2EBVa1nLpiy1stUsX/8=
github.com/spf13/cobra v0.0.3/go.mod h1:1l0Ry5zgKvJasoi3XT1TypsSe7PqH0Sj9dhYf7v3XqQ=
github.com/spf13/jwalterweatherman v1.0.0 h1:XHEdyB+EcvlqZamSM4ZOMGlc93t6AcsBEu9Gc1vn7yk=
github.com/spf13/jwalterweatherman v1.0.0/go.mod h1:cQK4TGJAtQXfYWX+Ddv3mKDzgVb68N+wFjFa4jdeBTo=
github.com/spf13/pflag v1.0.3 h1:zPAT6CGy6wXeQ7NtTnaTerfKOsV6V6F8agHXFiazDkg=
github.com/spf13/pflag v1.0.3/go.mod h1:DYY7MBk1bdzusC3SYhjObp+wFpr4gzcvqqNjLnInEg4=
github.com/spf13/viper v1.3.2 h1:VUFqw5KcqRf7i70GOzW7N+Q7+gxVBkSSqiXB12+JQ4M=
github.com/spf13/viper v1.3.2/go.mod h1:ZiWeW+zYFKm7srdB9IoDzzZXaJaI5eL9QjNiN/DMA2s=
github.com/stretchr/testify v1.2.2 h1:bSDNvY7ZPG5RlJ8otE/7V6gMiyenm9RtJ7IUVIAoJ1w=
github.com/stretchr/testify v1.2.2/go.mod h1:a8OnRcib4nhh0OaRAV+Yts87kKdq0PP7pXfy6kDkUVs=
github.com/ugorji/go/codec v0.0.0-20181204163529-d75b2dcb6bc8/go.mod h1:VFNgLljTbGfSG7qAOspJ7OScBnGdDN/yBr0sguwnwf0=
github.com/urfave/cli v0.0.0-20180821064027-934abfb2f102 h1:Er7kUEUX12vAWCp23Uv6Nrza7kEzEm/Z77amjMT7/Lo=
github.com/urfave/cli v0.0.0-20180821064027-934abfb2f102/go.mod h1:70zkFmudgCuE/ngEzBv17Jvp/497gISqfk5gWijbERA=
github.com/whyrusleeping/go-logging v0.0.0-20170515211332-0457bb6b88fc h1:9lDbC6Rz4bwmou+oE6Dt4Cb2BGMur5eR/GYptkKUVHo=
github.com/whyrusleeping/go-logging v0.0.0-20170515211332-0457bb6b88fc/go.mod h1:bopw91TMyo8J3tvftk8xmU2kPmlrt4nScJQZU2hE5EM=
github.com/whyrusleeping/go-multiplex v0.2.23 h1:ib3VZjgjbsYIdY3q+DDuP8s9xLYNW1gpwyrlBXtt3BY=
github.com/whyrusleeping/go-multiplex v0.2.23/go.mod h1:4RC9WGo4ProT/a2uTYVgqMxurfyI45hjPSTGLao8VFY=
github.com/whyrusleeping/go-notifier v0.0.0-20170827234753-097c5d47330f h1:M/lL30eFZTKnomXY6huvM6G0+gVquFNf6mxghaWlFUg=
github.com/whyrusleeping/go-notifier v0.0.0-20170827234753-097c5d47330f/go.mod h1:cZNvX9cFybI01GriPRMXDtczuvUhgbcYr9iCGaNlRv8=
github.com/whyrusleeping/go-smux-multiplex v3.0.10+incompatible h1:Rp3ETt3xw452P+yQYgCDBAdBvie47LJoSSn6MopvR3U=
github.com/whyrusleeping/go-smux-multiplex v3.0.10+incompatible/go.mod h1:34LEDbeKFZInPUrAG+bjuJmUXONGdEFW7XL0SpTY1y4=
github.com/whyrusleeping/go-smux-multistream v0.0.0-20180529100933-c707bf3c25fa h1:HZTPBUjjU+lw6d3RTAbzoqSQGXic5PET305mErStSn0=
github.com/whyrusleeping/go-smux-multistream v0.0.0-20180529100933-c707bf3c25fa/go.mod h1:dRWHHvc4HDQSHh9gbKEBbUZ+f2Q8iZTPG3UOGYODxSQ=
github.com/whyrusleeping/go-smux-yamux v0.0.0-20180604123621-eac25f3e2d47 h1:DYQb+UAoSY4WVDM2FSvJs8dYUvO+569dR28W/QKP70c=
github.com/whyrusleeping/go-smux-yamux v0.0.0-20180604123621-eac25f3e2d47/go.mod h1:6qHUzBXUbB9MXmw3AUdB52L8sEb/hScCqOdW2kj/wuI=
github.com/whyrusleeping/mafmt v0.0.0-20180611025256-794419fbc849 h1:p7ouEDUXAL9DcU6sNvdy/UK+7uw3B4e0koCbF0f8I3M=
github.com/whyrusleeping/mafmt v0.0.0-20180611025256-794419fbc849/go.mod h1:faQJFPbLSxzD9xpA02ttW/tS9vZykNvXwGvqIpk20FA=
github.com/whyrusleeping/multiaddr-filter v0.0.0-20160516205228-e903e4adabd7 h1:E9S12nwJwEOXe2d6gT6qxdvqMnNq+VnSsKPgm2ZZNds=
github.com/whyrusleeping/multiaddr-filter v0.0.0-20160516205228-e903e4adabd7/go.mod h1:X2c0RVCI1eSUFI8eLcY3c0423ykwiUdxLJtkDvruhjI=
github.com/whyrusleeping/yamux v0.0.0-20180604094752-35d045d4429e h1:jFJ/8WzhHUfemRm5/9hG6GzZyTyDEYDOuvrXG4dB/ho=
github.com/whyrusleeping/yamux v0.0.0-20180604094752-35d045d4429e/go.mod h1:E8LnQQ8HKx5KD29HZFUwM1PxCOdPRzGwur1mcYhXcD8=
github.com/xordataexchange/crypt v0.0.3-0.20170626215501-b2862e3d0a77/go.mod h1:aYKd//L2LvnjZzWKhF00oedf4jCCReLcmhLdhm1A27Q=
golang.org/x/crypto v0.0.0-20181203042331-505ab145d0a9 h1:mKdxBk7AujPs8kU4m80U72y/zjbZ3UcXC7dClwKbUI0=
golang.org/x/crypto v0.0.0-20181203042331-505ab145d0a9/go.mod h1:6SG95UA2DQfeDnfUPMdvaQW0Q7yPrPDi9nlGo2tz2b4=
golang.org/x/net v0.0.0-20180524181706-dfa909b99c79 h1:1FDlG4HI84rVePw1/0E/crL5tt2N+1blLJpY6UZ6krs=
golang.org/x/net v0.0.0-20180524181706-dfa909b99c79/go.mod h1:mL1N/T3taQHkDXs73rZJwtUhF3w3ftmwwsq0BUmARs4=
golang.org/x/net v0.0.0-20180906233101-161cd47e91fd h1:nTDtHvHSdCn1m6ITfMRqtOd/9+7a3s8RBNOZ3eYZzJA=
golang.org/x/net v0.0.0-20180906233101-161cd47e91fd/go.mod h1:mL1N/T3taQHkDXs73rZJwtUhF3w3ftmwwsq0BUmARs4=
golang.org/x/sync v0.0.0-20180314180146-1d60e4601c6f h1:wMNYb4v58l5UBM7MYRLPG6ZhfOqbKu7X5eyFl8ZhKvA=
golang.org/x/sync v0.0.0-20180314180146-1d60e4601c6f/go.mod h1:RxMgew5VJxzue5/jJTE5uejpjVlOe/izrB70Jof72aM=
golang.org/x/sys v0.0.0-20180909124046-d0be0721c37e/go.mod h1:STP8DvDyc/dI5b8T5hshtkjS+E42TnysNCUPdjciGhY=
golang.org/x/sys v0.0.0-20181205085412-a5c9d58dba9a/go.mod h1:STP8DvDyc/dI5b8T5hshtkjS+E42TnysNCUPdjciGhY=
golang.org/x/sys v0.0.0-20181212120007-b05ddf57801d h1:G59MrP9Qg6bymPjN3yGmqnmuCEH1h0eFP8zpRpl1RiU=
golang.org/x/sys v0.0.0-20181212120007-b05ddf57801d/go.mod h1:STP8DvDyc/dI5b8T5hshtkjS+E42TnysNCUPdjciGhY=
golang.org/x/text v0.3.0 h1:g61tztE5qeGQ89tm6NTjjM9VPIm088od1l6aSorWRWg=
golang.org/x/text v0.3.0/go.mod h1:NqM8EUOU14njkJ3fqMW+pc6Ldnwhi/IjpwHt7yyuwOQ=
gopkg.in/check.v1 v0.0.0-20161208181325-20d25e280405/go.mod h1:Co6ibVJAznAaIkqp8huTwlJQCZ016jof/cbN4VW5Yz0=
gopkg.in/check.v1 v1.0.0-20180628173108-788fd7840127 h1:qIbj1fsPNlZgppZ+VLlY7N33q108Sa+fhmuc+sWQYwY=
gopkg.in/check.v1 v1.0.0-20180628173108-788fd7840127/go.mod h1:Co6ibVJAznAaIkqp8huTwlJQCZ016jof/cbN4VW5Yz0=
gopkg.in/fsnotify.v1 v1.4.7 h1:xOHLXZwVvI9hhs+cLKq5+I5onOuwQLhQwiu63xxlHs4=
gopkg.in/fsnotify.v1 v1.4.7/go.mod h1:Tz8NjZHkW78fSQdbUxIjBTcgA1z1m8ZHf0WmKUhAMys=
gopkg.in/tomb.v1 v1.0.0-20141024135613-dd632973f1e7 h1:uRGJdciOHaEIrze2W8Q3AKkepLTh2hOroT7a+7czfdQ=
gopkg.in/tomb.v1 v1.0.0-20141024135613-dd632973f1e7/go.mod h1:dt/ZhP58zS4L8KSrWDmTeBkI65Dw0HsyUHuEVlX15mw=
gopkg.in/yaml.v2 v2.2.1/go.mod h1:hI93XBmqTisBFMUTm0b8Fm+jr3Dg1NNxqwp+5A1VGuI=
gopkg.in/yaml.v2 v2.2.2 h1:ZCJp+EgiOT7lHqUV2J862kp8Qj64Jo6az82+3Td9dZw=
gopkg.in/yaml.v2 v2.2.2/go.mod h1:hI93XBmqTisBFMUTm0b8Fm+jr3Dg1NNxqwp+5A1VGuI=
