# This file is autogenerated, do not edit; changes may be undone by the next 'dep ensure'.


[[projects]]
  branch = "master"
  digest = "1:4cf11742b199ab3aacf26b00187e72f7ff8ba2145f363b74f295d54f098f79e4"
  name = "github.com/agl/ed25519"
  packages = [
    ".",
    "edwards25519",
    "extra25519",
  ]
  pruneopts = "UT"
  revision = "5312a61534124124185d41f09206b9fef1d88403"

[[projects]]
  branch = "master"
  digest = "1:1f119122026d2fc746c30ff1fc564c6074b2f0e4449d4230146a3deec986bf43"
  name = "github.com/btcsuite/btcd"
  packages = ["btcec"]
  pruneopts = "UT"
  revision = "86fed781132ac890ee03e906e4ecd5d6fa180c64"

[[projects]]
  branch = "master"
  digest = "1:05ffeeed3f0f05520de0679f6aa3219ffee69cfd6d9fb6c194879d4c818ad670"
  name = "github.com/coreos/go-semver"
  packages = ["semver"]
  pruneopts = "UT"
  revision = "e214231b295a8ea9479f11b70b35d5acf3556d9b"

[[projects]]
  branch = "master"
  digest = "1:ffe9824d294da03b391f44e1ae8281281b4afc1bdaa9588c9097785e3af10cec"
  name = "github.com/davecgh/go-spew"
  packages = ["spew"]
  pruneopts = "UT"
  revision = "8991bc29aa16c548c550c7ff78260e27b9ab7c73"

[[projects]]
  branch = "master"
  digest = "1:d1341a04a4443bba8c8af76ec6c3960206074490a1284b4853ff5a88a66c63b7"
  name = "github.com/fd/go-nat"
  packages = ["."]
  pruneopts = "UT"
  revision = "bad65a492f32121a87197f4a085905c35e2a367e"

[[projects]]
  branch = "master"
  digest = "1:f3df613325a793ffb3d0ce7644a3bb6f62db45ac744dafe20172fe999c61cdbf"
  name = "github.com/gogo/protobuf"
  packages = [
    "io",
    "proto",
  ]
  pruneopts = "UT"
  revision = "30cf7ac33676b5786e78c746683f0d4cd64fa75b"

[[projects]]
  branch = "master"
  digest = "1:bc36a17a513f15717b5fa3dcfd666f5ddb6fd3db06f5f2834ac2f5979d4f5070"
  name = "github.com/gorilla/websocket"
  packages = ["."]
  pruneopts = "UT"
  revision = "5ed622c449da6d44c3c8329331ff47a9e5844f71"

[[projects]]
  branch = "master"
  digest = "1:31e6ca5d3801cd74e569cb9597d5a0b06d862307ffb045e581b44fe4a316ea09"
  name = "github.com/gxed/GoEndian"
  packages = ["."]
  pruneopts = "UT"
  revision = "0f5c6873267e5abf306ffcdfcfa4bf77517ef4a7"

[[projects]]
  branch = "master"
  digest = "1:dc57a2580e33eae03691c9ede0b30cf1dc622ff471fc6a36388879ded5702d02"
  name = "github.com/gxed/eventfd"
  packages = ["."]
  pruneopts = "UT"
  revision = "80a92cca79a8041496ccc9dd773fcb52a57ec6f9"

[[projects]]
  branch = "master"
  digest = "1:e3ddd1f59d3c84917c99ecb1c3420aa6899f6df7495ba9414c13732b2e9568dd"
  name = "github.com/gxed/hashland"
  packages = ["keccakpg"]
  pruneopts = "UT"
  revision = "d9f6b97f8db22dd1e090fd0bbbe98f09cc7dd0a8"

[[projects]]
  branch = "master"
  digest = "1:3f5e7a4329f76e2617bf094eb5eec2ec2eff590d145c0beb32bac699628dea7d"
  name = "github.com/huin/goupnp"
  packages = [
    ".",
    "dcps/internetgateway1",
    "dcps/internetgateway2",
    "httpu",
    "scpd",
    "soap",
    "ssdp",
  ]
  pruneopts = "UT"
  revision = "1395d1447324cbea88d249fbfcfd70ea878fdfca"

[[projects]]
  branch = "master"
  digest = "1:2a491fe250b1058b3aa1565e16858712021dc8462e2b94b4c58a6ea8ea53fc24"
  name = "github.com/ipfs/go-log"
  packages = [
    ".",
    "tracer",
    "tracer/wire",
    "writer",
  ]
  pruneopts = "UT"
  revision = "5dc2060baaf8db344f31dafd852340b93811d03f"

[[projects]]
  branch = "master"
  digest = "1:b352ae8b1a77cc6b48fc8e314e34a522cfc76d6ca3a06c93b29c9cde5de6771e"
  name = "github.com/jackpal/gateway"
  packages = ["."]
  pruneopts = "UT"
  revision = "cbcf4e3f3baee7952fc386c8b2534af4d267c875"

[[projects]]
  branch = "master"
  digest = "1:e4615e78931f6067795aec8fd1ba51ee03a6f64900de01ed3ae31973ae4273d7"
  name = "github.com/jackpal/go-nat-pmp"
  packages = ["."]
  pruneopts = "UT"
  revision = "28a68d0c24adce1da43f8df6a57340909ecd7fdd"

[[projects]]
  branch = "master"
  digest = "1:8f4aedc183dc8dfef9a7a1f1ba205dc87ecd2675eea350a736bda889e3bcf8ea"
  name = "github.com/jbenet/go-temp-err-catcher"
  packages = ["."]
  pruneopts = "UT"
  revision = "aac704a3f4f27190b4ccc05f303a4931fd1241ff"

[[projects]]
  branch = "master"
  digest = "1:a2a82ac6d7f2ab5966591f95612e3ecd9afed66051189e06876a29ed3744a3ea"
  name = "github.com/jbenet/goprocess"
  packages = [
    ".",
    "context",
    "periodic",
    "ratelimit",
  ]
  pruneopts = "UT"
  revision = "b497e2f366b8624394fb2e89c10ab607bebdde0b"

[[projects]]
  branch = "master"
  digest = "1:88d7ea3f401a8753de73cc122bb7a7d638861d95a99a7a71761255fee977bd17"
  name = "github.com/libp2p/go-addr-util"
  packages = ["."]
  pruneopts = "UT"
  revision = "3a008c3cc5082119a398b26035e6ac44a74d93f6"

[[projects]]
  branch = "master"
  digest = "1:28dd34bf26d7c3e6d4432e0c2cff24847b94e6828ba02ef2f2218eb169effa3c"
  name = "github.com/libp2p/go-conn-security"
  packages = [
    ".",
    "insecure",
  ]
  pruneopts = "UT"
  revision = "4e9b511f4f9a6aeef5659909fe9ddf9ee34ab6b2"

[[projects]]
  branch = "master"
  digest = "1:73dc9f1396072c505d3fe26ee9fe61f0e5aa2f10779b7c70e7a57277d86290aa"
  name = "github.com/libp2p/go-conn-security-multistream"
  packages = ["."]
  pruneopts = "UT"
  revision = "88cc698d9588c5d70840938dd523310b0ee8bf20"

[[projects]]
  branch = "master"
  digest = "1:8ec2dd9fcb14281362c41fc250a9f0dec9568db7c435b261a0ab6d4aa2b12263"
  name = "github.com/libp2p/go-flow-metrics"
  packages = ["."]
  pruneopts = "UT"
  revision = "3b3bcfcf78f2dc0e85be13ef3c3adc64cc5a9347"

[[projects]]
  branch = "master"
  digest = "1:7cd2b0b0ea663db59a7b353277702220655f3c02626d2726c676b2f81b6c3dce"
  name = "github.com/libp2p/go-libp2p"
  packages = [
    ".",
    "config",
    "p2p/host/basic",
    "p2p/protocol/identify",
    "p2p/protocol/identify/pb",
  ]
  pruneopts = "UT"
  revision = "7c22c117597ef41ad63fac29e6e81f8d1041cc78"

[[projects]]
  branch = "master"
  digest = "1:34949fbfc4e93eca725e0e99c3248a7f3895b496fe09bb41f1de35e9092dc648"
  name = "github.com/libp2p/go-libp2p-circuit"
  packages = [
    ".",
    "pb",
  ]
  pruneopts = "UT"
  revision = "7054cca8a16d8324be6be1410285aa4c4c9e40de"

[[projects]]
  branch = "master"
  digest = "1:398fcba7a9942805bb7aea628845625f8202f8bfac850f9600e52d39afb11061"
  name = "github.com/libp2p/go-libp2p-crypto"
  packages = [
    ".",
    "pb",
  ]
  pruneopts = "UT"
  revision = "18915b5467c77ad8c07a35328c2cab468667a4e8"

[[projects]]
  branch = "master"
  digest = "1:467dfe2694db80217d0478a8d4efaa38ab564abeb538deca5baa10108b8c55ad"
  name = "github.com/libp2p/go-libp2p-host"
  packages = ["."]
  pruneopts = "UT"
  revision = "492c6c2bd43e15964cd2d7bdcb9678a156438088"

[[projects]]
  branch = "master"
  digest = "1:ab4b4f149a4c8bb7a76a464a47d97a091291b79eb6427351d545df1fa310403f"
  name = "github.com/libp2p/go-libp2p-interface-connmgr"
  packages = ["."]
  pruneopts = "UT"
  revision = "557c373b457edf3d2666d6bbd24efec9e4792afa"

[[projects]]
  branch = "master"
  digest = "1:d7341fdf91c4ea53d68c29ad76965bbbb2f7ba09369bfa7f8339ffbeeb49e2f8"
  name = "github.com/libp2p/go-libp2p-interface-pnet"
  packages = ["."]
  pruneopts = "UT"
  revision = "86e6fc84b906599eac696308369896ece0ced63b"

[[projects]]
  branch = "master"
  digest = "1:5a2ef0102543550d8fd53342ca9c0e3bf06c3100fe281952db73cfc294036795"
  name = "github.com/libp2p/go-libp2p-loggables"
  packages = ["."]
  pruneopts = "UT"
  revision = "6ce2bbea380b481b0663c51b8969e0472590a5a3"

[[projects]]
  branch = "master"
  digest = "1:2bc9d5e04ebd7438c7749a50f5e6cdcdf9e887ea0fad8eb35887e8ac73fec6ee"
  name = "github.com/libp2p/go-libp2p-metrics"
  packages = ["."]
  pruneopts = "UT"
  revision = "0d2c484aa7741e26eca0ea3da4957c8d3201de21"

[[projects]]
  branch = "master"
  digest = "1:bd6d7add81489908cf6c5e959eb06a3b3cb8f18bfbcdbcdbf9e1b4448be3b28b"
  name = "github.com/libp2p/go-libp2p-nat"
  packages = ["."]
  pruneopts = "UT"
  revision = "7f78ce78aee28412e6e45a4067e7450f216b6b13"

[[projects]]
  branch = "master"
  digest = "1:fe31422045101e27762556f9f52569e120dd1f6ff2f3c2b45ca141df6aca3823"
  name = "github.com/libp2p/go-libp2p-net"
  packages = ["."]
  pruneopts = "UT"
  revision = "ef6dc14c0bdad4de0d95b36c5676e310f0f2d7a3"

[[projects]]
  branch = "master"
  digest = "1:6cb4e820b9459b5263520bf1ae3ea906463a5e47bcb338466be4e85718c7cab2"
  name = "github.com/libp2p/go-libp2p-peer"
  packages = ["."]
  pruneopts = "UT"
  revision = "e8858116ad7f0a54dfc2bb6af554f2024221d19c"

[[projects]]
  branch = "master"
  digest = "1:032b29e7b10d537a5e5429904653221a0616ab9fdbe3c604d47f0295fc60e0d7"
  name = "github.com/libp2p/go-libp2p-peerstore"
  packages = [
    ".",
    "addr",
  ]
  pruneopts = "UT"
  revision = "8363aa9ac6cb93e6164037198b2b6a8239c7d4fe"

[[projects]]
  branch = "master"
  digest = "1:712550fb4bfcc85feb396d49b35b89e31cc0b001871e80f8fb90b4a50686ed11"
  name = "github.com/libp2p/go-libp2p-protocol"
  packages = ["."]
  pruneopts = "UT"
  revision = "b29f3d97e3a2fb8b29c5d04290e6cb5c5018004b"

[[projects]]
  branch = "master"
  digest = "1:39747e77e171d0b57571b58037a6786192d87cc75e9763778d06c50c19845943"
  name = "github.com/libp2p/go-libp2p-secio"
  packages = [
    ".",
    "pb",
  ]
  pruneopts = "UT"
  revision = "eb43d20a249fc44fa00daffb0f6f23b9911359e2"

[[projects]]
  branch = "master"
  digest = "1:2484718fd791b9bb2dbc753245233a0e507d4d5f5a5e499510ed6f6e7c26da4c"
  name = "github.com/libp2p/go-libp2p-swarm"
  packages = ["."]
  pruneopts = "UT"
  revision = "f144edfca052079ba9a7e2b056a7d5077683911e"

[[projects]]
  branch = "master"
  digest = "1:a702d4fc7d101b50b4786157a48cf5e273878730b2af1f2c3d06e52f6d7b1f28"
  name = "github.com/libp2p/go-libp2p-transport"
  packages = ["."]
  pruneopts = "UT"
  revision = "f942b8aa7047186518dc619644ed6dc838298000"

[[projects]]
  branch = "master"
  digest = "1:96c9bdcb30705f1cdca6bdd88056a94a4d0930a6d60e0c09390d008110dc6ccc"
  name = "github.com/libp2p/go-libp2p-transport-upgrader"
  packages = ["."]
  pruneopts = "UT"
  revision = "9a9b918a26034e4cdf222ffe6e2f27f0b48da6f0"

[[projects]]
  branch = "master"
  digest = "1:cc3212d4474962f9e53394a8d8bdce5315801724f97ed62ee87deb562058172f"
  name = "github.com/libp2p/go-maddr-filter"
  packages = ["."]
  pruneopts = "UT"
  revision = "42d77c66758d30044bc76ce97d99d26ae22ffb73"

[[projects]]
  branch = "master"
  digest = "1:d798c2cc3d530f3b50c11fd61dc4a70590f223dd79deb9f902267dd5913e4d0b"
  name = "github.com/libp2p/go-msgio"
  packages = [
    ".",
    "mpool",
  ]
  pruneopts = "UT"
  revision = "d82125c9907e1365775356505f14277d47dfd4d6"

[[projects]]
  branch = "master"
  digest = "1:72a95714482b4c4ad6bb78e713b26a5f8a3442586c8a5213d4fad7cf232d8d02"
  name = "github.com/libp2p/go-reuseport"
  packages = [
    ".",
    "poll",
    "singlepoll",
  ]
  pruneopts = "UT"
  revision = "2b9dda1feae6520af5cbfd0f8175569e5da925c7"

[[projects]]
  branch = "master"
  digest = "1:2de78d36663c08ef36086d1b093fd819f8910b4f0bead5a7699293399b90167b"
  name = "github.com/libp2p/go-reuseport-transport"
  packages = ["."]
  pruneopts = "UT"
  revision = "43cb6ab3d2a1cfd6418ba2c7722d5d47dbbd5d18"

[[projects]]
  branch = "master"
  digest = "1:96eca00555fddc36f6d1dc6d5d47435005bf8a950e700afcd76508bde723bc0e"
  name = "github.com/libp2p/go-sockaddr"
  packages = ["net"]
  pruneopts = "UT"
  revision = "3c898fbfff40e5933d76362819727708dae6da97"

[[projects]]
  branch = "master"
  digest = "1:6dab34eae15e82d15c17cedabb7d641b62731cc5c7a3ed233dba226f8e5cb688"
  name = "github.com/libp2p/go-stream-muxer"
  packages = ["."]
  pruneopts = "UT"
  revision = "9c6bd93eecbbab56630bb2688bb435d9fd1dfeb1"

[[projects]]
  branch = "master"
  digest = "1:d7816c0811c150f32fbd4fb2f1a3f606a6eda7ce8efaf8271e3df0f488d08367"
  name = "github.com/libp2p/go-tcp-transport"
  packages = ["."]
  pruneopts = "UT"
  revision = "d2b392af160de8f6a2c9ee9f0bfe1f2f724b54c6"

[[projects]]
  branch = "master"
  digest = "1:db4d4fd307116639769fed776f30032c4f5802c824787c17648d750af018b50e"
  name = "github.com/libp2p/go-ws-transport"
  packages = ["."]
  pruneopts = "UT"
  revision = "cff8bfc18ac9dddacb848b160d2f991a67846337"

[[projects]]
  branch = "master"
  digest = "1:0f96ec4151a24d7bfd4298fc13cc320a000e31b4e5431cf88e3ffc961db846fd"
  name = "github.com/mattn/go-colorable"
  packages = ["."]
  pruneopts = "UT"
  revision = "efa589957cd060542a26d2dd7832fd6a6c6c3ade"

[[projects]]
  branch = "master"
  digest = "1:0981502f9816113c9c8c4ac301583841855c8cf4da8c72f696b3ebedf6d0e4e5"
  name = "github.com/mattn/go-isatty"
  packages = ["."]
  pruneopts = "UT"
  revision = "6ca4dbf54d38eea1a992b3c722a76a5d1c4cb25c"

[[projects]]
  branch = "master"
  digest = "1:130cefe87d7eeefc824978dcb78e35672d4c49a11f25c153fbf0cfd952756fa3"
  name = "github.com/minio/blake2b-simd"
  packages = ["."]
  pruneopts = "UT"
  revision = "3f5f724cb5b182a5c278d6d3d55b40e7f8c2efb4"

[[projects]]
  branch = "master"
  digest = "1:17e048d1af8833670439d1ad0c92305fc1ad503e5d03f37ee667c0074df0fd03"
  name = "github.com/minio/sha256-simd"
  packages = ["."]
  pruneopts = "UT"
  revision = "ad98a36ba0da87206e3378c556abbfeaeaa98668"

[[projects]]
  branch = "master"
  digest = "1:b9b9f43a8a410d633e6547f89e830926741070941f2243d4d3a0bb154f565c9e"
  name = "github.com/mr-tron/base58"
  packages = ["base58"]
  pruneopts = "UT"
  revision = "4df4dc6e86a912614d09719d10cad427b087cbfb"

[[projects]]
  branch = "master"
  digest = "1:e54be212eca970f4d5d39899666aef429c437969783e360a0cab075ba1423a80"
  name = "github.com/multiformats/go-multiaddr"
  packages = ["."]
  pruneopts = "UT"
  revision = "96804982667ed1672985566d0d0c2a7ed6f10e1f"

[[projects]]
  branch = "master"
  digest = "1:6cd06bf7db06c8c9451244c6fbef16fd2bfc0467a50f78154e98d841865cde4e"
  name = "github.com/multiformats/go-multiaddr-dns"
  packages = ["."]
  pruneopts = "UT"
  revision = "78f39e8892d4f8c5c9f18679cc06d0b40ecab8cf"

[[projects]]
  branch = "master"
  digest = "1:366fc9e8771a5bae7369aa1740cef4771380c01ce6444c58ce7a70bac5a45f31"
  name = "github.com/multiformats/go-multiaddr-net"
  packages = ["."]
  pruneopts = "UT"
  revision = "4d4b901d1729f55ee20cc0c8d8021aa58eb5ebe3"

[[projects]]
  branch = "master"
  digest = "1:c0ea71365e7d0e63a2e8f48e6fc2ba92f2f2b739bbeb3cdabdcd719037e175c2"
  name = "github.com/multiformats/go-multihash"
  packages = ["."]
  pruneopts = "UT"
  revision = "8be2a682ab9f254311de1375145a2f78a809b07d"

[[projects]]
  branch = "master"
  digest = "1:afaa9379e7b8039f8eee854ef71f5501e4bb68d4533e9aaa2f3756797b06d03b"
  name = "github.com/multiformats/go-multistream"
  packages = ["."]
  pruneopts = "UT"
  revision = "aea59cd120a7f60ed64cc98ffc1af2e6a84c470f"

[[projects]]
  branch = "master"
  digest = "1:f97482f69f8d8e853db82a02f036dfad1ba6250d29d870fdebca4683deaa117c"
  name = "github.com/opentracing/opentracing-go"
  packages = [
    ".",
    "ext",
    "log",
  ]
  pruneopts = "UT"
  revision = "bd9c3193394760d98b2fa6ebb2291f0cd1d06a7d"

[[projects]]
  branch = "master"
  digest = "1:e4fa3ccfa2948d085ccd09cb32e6076c4e7c9f5f0e565dea5f922d5e479e992e"
  name = "github.com/outbrain/golib"
  packages = ["log"]
  pruneopts = "UT"
  revision = "2418949ac30d9933e7412ccce41f1aa2ae8d5ae8"

[[projects]]
  branch = "master"
  digest = "1:ff6b0586c0621a76832cf783eee58cbb9d9795d2ce8acbc199a4131db11c42a9"
  name = "github.com/satori/go.uuid"
  packages = ["."]
  pruneopts = "UT"
  revision = "36e9d2ebbde5e3f13ab2e25625fd453271d6522e"

[[projects]]
  branch = "master"
  digest = "1:919bb3aa6d9d0b67648c219fa4925312bc3c2872da19e818fa769e9c97a2b643"
  name = "github.com/spaolacci/murmur3"
  packages = ["."]
  pruneopts = "UT"
  revision = "f09979ecbc725b9e6d41a297405f65e7e8804acc"

[[projects]]
  branch = "master"
  digest = "1:3fb803863fd713550106aa42c4545b428401c6aad1002de19b1e634339e9cef6"
  name = "github.com/urfave/cli"
  packages = ["."]
  pruneopts = "UT"
  revision = "934abfb2f102315b5794e15ebc7949e4ca253920"

[[projects]]
  branch = "master"
  digest = "1:0102dfa2f98777db8ff68c920bef1be3ff8504e90485b6cdd24d61b981b487b6"
  name = "github.com/whyrusleeping/go-logging"
  packages = ["."]
  pruneopts = "UT"
  revision = "0457bb6b88fc1973573aaf6b5145d8d3ae972390"

[[projects]]
  branch = "master"
  digest = "1:2c4a43598398484411da55866fb4161c8be1981bc6523a7d827f7a08215bd931"
  name = "github.com/whyrusleeping/go-multiplex"
  packages = ["."]
  pruneopts = "UT"
  revision = "efc13ba1d477b33bc316288f5d946fbad1afa8c2"

[[projects]]
  branch = "master"
  digest = "1:94796f9decedb46b17985693cbe996ce3642a991f0efcf7bf9a6c5197da3eefc"
  name = "github.com/whyrusleeping/go-notifier"
  packages = ["."]
  pruneopts = "UT"
  revision = "097c5d47330ff6a823f67e3515faa13566a62c6f"

[[projects]]
  branch = "master"
  digest = "1:a572614280996686e5cc62c4d26aa27db9b12dd3f1fe084aa0eec1a3bff0e466"
  name = "github.com/whyrusleeping/go-smux-multiplex"
  packages = ["."]
  pruneopts = "UT"
  revision = "6c9914bb78b80e4e5947a43d27781b8863e19062"

[[projects]]
  branch = "master"
  digest = "1:12d64a892e0dedd762afb848165bbb1216cc90f3ee6be0cdc1bc7a2bc292445b"
  name = "github.com/whyrusleeping/go-smux-multistream"
  packages = ["."]
  pruneopts = "UT"
  revision = "c707bf3c25fa380b20b54907790efde288775938"

[[projects]]
  branch = "master"
  digest = "1:6cf91ec171d1145ef67f376f6604b3087c220ca8daec8eb4a06c4d0cf85bb287"
  name = "github.com/whyrusleeping/go-smux-yamux"
  packages = ["."]
  pruneopts = "UT"
  revision = "eac25f3e2d47aae211e457e7664b52634c95eea8"

[[projects]]
  branch = "master"
  digest = "1:fd5284747d2fdc202d69e6b6e350bcf72396a0a81546537a7b49467f4fa9c622"
  name = "github.com/whyrusleeping/mafmt"
  packages = ["."]
  pruneopts = "UT"
  revision = "794419fbc8492a4d5b7ba38b58c2bb47d9e37eaa"

[[projects]]
  branch = "master"
  digest = "1:94b933c1b26f1da25d25a089937d15987170a0a54109aa521a111345c3e84581"
  name = "github.com/whyrusleeping/multiaddr-filter"
  packages = ["."]
  pruneopts = "UT"
  revision = "e903e4adabd70b78bc9293b6ee4f359afb3f9f59"

[[projects]]
  branch = "master"
  digest = "1:8e12a2c2130c25925284304c541fe6be81b7cde0ff601a65adb203c95c8c676c"
  name = "github.com/whyrusleeping/yamux"
  packages = ["."]
  pruneopts = "UT"
  revision = "35d045d4429ecf19430a2b94efc590bc40f2f7af"

[[projects]]
  branch = "master"
  digest = "1:1921f71a5cb1ece4f6592eaf509dd4e90f4c9d140b671f57b7591180898bdbc5"
  name = "golang.org/x/crypto"
  packages = [
    "blake2s",
    "blowfish",
    "sha3",
  ]
  pruneopts = "UT"
  revision = "37a17fe027db43f76fd88b056ddf588563fc8722"

[[projects]]
  branch = "master"
  digest = "1:a72ebebfb7fdfa871e9e9c7665f94e4d8267a094626eb1b3117ac75297d9ce08"
  name = "golang.org/x/net"
  packages = [
    "html",
    "html/atom",
    "html/charset",
  ]
  pruneopts = "UT"
  revision = "2fb46b16b8dda405028c50f7c7f0f9dd1fa6bfb1"

[[projects]]
  branch = "master"
  digest = "1:e294d2effbbe8544d77f54f0c80fdd8062f6fc1f43077167cf56ff139f630039"
  name = "golang.org/x/sys"
  packages = [
    "cpu",
    "unix",
    "windows",
  ]
  pruneopts = "UT"
  revision = "63fc586f45fe72d95d5240a5d5eb95e6503907d3"

[[projects]]
  branch = "master"
  digest = "1:aa4d6967a3237f8367b6bf91503964a77183ecf696f1273e8ad3551bb4412b5f"
  name = "golang.org/x/text"
  packages = [
    "encoding",
    "encoding/charmap",
    "encoding/htmlindex",
    "encoding/internal",
    "encoding/internal/identifier",
    "encoding/japanese",
    "encoding/korean",
    "encoding/simplifiedchinese",
    "encoding/traditionalchinese",
    "encoding/unicode",
    "internal/gen",
    "internal/tag",
    "internal/utf8internal",
    "language",
    "runes",
    "transform",
    "unicode/cldr",
  ]
  pruneopts = "UT"
  revision = "e19ae1496984b1c655b8044a65c0300a3c878dd3"

[solve-meta]
  analyzer-name = "dep"
  analyzer-version = 1
  input-imports = [
    "github.com/davecgh/go-spew/spew",
    "github.com/libp2p/go-libp2p",
    "github.com/libp2p/go-libp2p-crypto",
    "github.com/libp2p/go-libp2p-host",
    "github.com/libp2p/go-libp2p-net",
    "github.com/libp2p/go-libp2p-peer",
    "github.com/libp2p/go-libp2p-peerstore",
    "github.com/multiformats/go-multiaddr",
    "github.com/outbrain/golib/log",
    "github.com/urfave/cli",
  ]
  solver-name = "gps-cdcl"
  solver-version = 1
